
Microsoft Visual Studio Solution File, Format Version 12.00
# Visual Studio Version 17
VisualStudioVersion = 17.14.37027.9
MinimumVisualStudioVersion = 10.0.40219.1
Project("{FAE04EC0-301F-11D3-BF4B-00C04F79EFBC}") = "Catalog.Api", "Catalog.Api\Catalog.Api.csproj", "{24CE1D91-E6E2-4122-8169-309FECEDC89E}"
EndProject
Project("{FAE04EC0-301F-11D3-BF4B-00C04F79EFBC}") = "Catalog.Domain", "Catalog.Domain\Catalog.Domain.csproj", "{49CD318F-FF9E-431F-B78B-DC6997396F58}"
EndProject
Project("{FAE04EC0-301F-11D3-BF4B-00C04F79EFBC}") = "Catalog.Application", "Catalog.Application\Catalog.Application.csproj", "{AC82D66D-E8F0-43F5-94ED-504F9C2DC43A}"
EndProject
Project("{FAE04EC0-301F-11D3-BF4B-00C04F79EFBC}") = "Catalog.Data", "Catalog.Data\Catalog.Data.csproj", "{7CDF4549-935E-45CF-8D5D-4B5897501FE6}"
EndProject
Project("{FAE04EC0-301F-11D3-BF4B-00C04F79EFBC}") = "Catalog.CrossCutting", "Catalog.CrossCutting\Catalog.CrossCutting.csproj", "{FFE34F95-E6B2-4381-B757-EDF14CBFB26A}"
EndProject
Project("{2150E333-8FDC-42A3-9474-1A3956D46DE8}") = "Solution Itens", "Solution Itens", "{02EA681E-C7D8-13C7-8484-4AC65E1B71E8}"
	ProjectSection(SolutionItems) = preProject
		docker-compose.yml = docker-compose.yml
	EndProjectSection
EndProject
Project("{2150E333-8FDC-42A3-9474-1A3956D46DE8}") = "Frontend", "Frontend", "{9CBC4F52-E035-4264-B15D-6A6C2AEDA448}"
EndProject
Project("{2150E333-8FDC-42A3-9474-1A3956D46DE8}") = "Backend", "Backend", "{EC4CF1C6-B588-41AE-B70D-4B4C59D5CCA5}"
EndProject
Project("{FAE04EC0-301F-11D3-BF4B-00C04F79EFBC}") = "Catalog.Ui", "Catalog.Ui\Catalog.Ui\Catalog.Ui.csproj", "{3DBB6ED7-DEBD-43F3-A61A-8530500F1167}"
EndProject
Project("{FAE04EC0-301F-11D3-BF4B-00C04F79EFBC}") = "Catalog.Ui.Client", "Catalog.Ui\Catalog.Ui.Client\Catalog.Ui.Client.csproj", "{DF2D7FA2-F0E9-4606-B142-9891389C9202}"
EndProject
Project("{FAE04EC0-301F-11D3-BF4B-00C04F79EFBC}") = "Catalog.UI.Shared", "Catalog.Ui\Catalog.UI.Shared\Catalog.UI.Shared.csproj", "{245A9680-51AD-47F6-9C7A-790A46BAAE21}"
EndProject
Global
	GlobalSection(SolutionConfigurationPlatforms) = preSolution
		Debug|Any CPU = Debug|Any CPU
		Release|Any CPU = Release|Any CPU
	EndGlobalSection
	GlobalSection(ProjectConfigurationPlatforms) = postSolution
		{24CE1D91-E6E2-4122-8169-309FECEDC89E}.Debug|Any CPU.ActiveCfg = Debug|Any CPU
		{24CE1D91-E6E2-4122-8169-309FECEDC89E}.Debug|Any CPU.Build.0 = Debug|Any CPU
		{24CE1D91-E6E2-4122-8169-309FECEDC89E}.Release|Any CPU.ActiveCfg = Release|Any CPU
		{24CE1D91-E6E2-4122-8169-309FECEDC89E}.Release|Any CPU.Build.0 = Release|Any CPU
		{49CD318F-FF9E-431F-B78B-DC6997396F58}.Debug|Any CPU.ActiveCfg = Debug|Any CPU
		{49CD318F-FF9E-431F-B78B-DC6997396F58}.Debug|Any CPU.Build.0 = Debug|Any CPU
		{49CD318F-FF9E-431F-B78B-DC6997396F58}.Release|Any CPU.ActiveCfg = Release|Any CPU
		{49CD318F-FF9E-431F-B78B-DC6997396F58}.Release|Any CPU.Build.0 = Release|Any CPU
		{AC82D66D-E8F0-43F5-94ED-504F9C2DC43A}.Debug|Any CPU.ActiveCfg = Debug|Any CPU
		{AC82D66D-E8F0-43F5-94ED-504F9C2DC43A}.Debug|Any CPU.Build.0 = Debug|Any CPU
		{AC82D66D-E8F0-43F5-94ED-504F9C2DC43A}.Release|Any CPU.ActiveCfg = Release|Any CPU
		{AC82D66D-E8F0-43F5-94ED-504F9C2DC43A}.Release|Any CPU.Build.0 = Release|Any CPU
		{7CDF4549-935E-45CF-8D5D-4B5897501FE6}.Debug|Any CPU.ActiveCfg = Debug|Any CPU
		{7CDF4549-935E-45CF-8D5D-4B5897501FE6}.Debug|Any CPU.Build.0 = Debug|Any CPU
		{7CDF4549-935E-45CF-8D5D-4B5897501FE6}.Release|Any CPU.ActiveCfg = Release|Any CPU
		{7CDF4549-935E-45CF-8D5D-4B5897501FE6}.Release|Any CPU.Build.0 = Release|Any CPU
		{FFE34F95-E6B2-4381-B757-EDF14CBFB26A}.Debug|Any CPU.ActiveCfg = Debug|Any CPU
		{FFE34F95-E6B2-4381-B757-EDF14CBFB26A}.Debug|Any CPU.Build.0 = Debug|Any CPU
		{FFE34F95-E6B2-4381-B757-EDF14CBFB26A}.Release|Any CPU.ActiveCfg = Release|Any CPU
		{FFE34F95-E6B2-4381-B757-EDF14CBFB26A}.Release|Any CPU.Build.0 = Release|Any CPU
		{3DBB6ED7-DEBD-43F3-A61A-8530500F1167}.Debug|Any CPU.ActiveCfg = Debug|Any CPU
		{3DBB6ED7-DEBD-43F3-A61A-8530500F1167}.Debug|Any CPU.Build.0 = Debug|Any CPU
		{3DBB6ED7-DEBD-43F3-A61A-8530500F1167}.Release|Any CPU.ActiveCfg = Release|Any CPU
		{3DBB6ED7-DEBD-43F3-A61A-8530500F1167}.Release|Any CPU.Build.0 = Release|Any CPU
		{DF2D7FA2-F0E9-4606-B142-9891389C9202}.Debug|Any CPU.ActiveCfg = Debug|Any CPU
		{DF2D7FA2-F0E9-4606-B142-9891389C9202}.Debug|Any CPU.Build.0 = Debug|Any CPU
		{DF2D7FA2-F0E9-4606-B142-9891389C9202}.Release|Any CPU.ActiveCfg = Release|Any CPU
		{DF2D7FA2-F0E9-4606-B142-9891389C9202}.Release|Any CPU.Build.0 = Release|Any CPU
		{245A9680-51AD-47F6-9C7A-790A46BAAE21}.Debug|Any CPU.ActiveCfg = Debug|Any CPU
		{245A9680-51AD-47F6-9C7A-790A46BAAE21}.Debug|Any CPU.Build.0 = Debug|Any CPU
		{245A9680-51AD-47F6-9C7A-790A46BAAE21}.Release|Any CPU.ActiveCfg = Release|Any CPU
		{245A9680-51AD-47F6-9C7A-790A46BAAE21}.Release|Any CPU.Build.0 = Release|Any CPU
	EndGlobalSection
	GlobalSection(SolutionProperties) = preSolution
		HideSolutionNode = FALSE
	EndGlobalSection
	GlobalSection(NestedProjects) = preSolution
		{24CE1D91-E6E2-4122-8169-309FECEDC89E} = {EC4CF1C6-B588-41AE-B70D-4B4C59D5CCA5}
		{49CD318F-FF9E-431F-B78B-DC6997396F58} = {EC4CF1C6-B588-41AE-B70D-4B4C59D5CCA5}
		{AC82D66D-E8F0-43F5-94ED-504F9C2DC43A} = {EC4CF1C6-B588-41AE-B70D-4B4C59D5CCA5}
		{7CDF4549-935E-45CF-8D5D-4B5897501FE6} = {EC4CF1C6-B588-41AE-B70D-4B4C59D5CCA5}
		{FFE34F95-E6B2-4381-B757-EDF14CBFB26A} = {EC4CF1C6-B588-41AE-B70D-4B4C59D5CCA5}
		{3DBB6ED7-DEBD-43F3-A61A-8530500F1167} = {9CBC4F52-E035-4264-B15D-6A6C2AEDA448}
		{DF2D7FA2-F0E9-4606-B142-9891389C9202} = {9CBC4F52-E035-4264-B15D-6A6C2AEDA448}
		{245A9680-51AD-47F6-9C7A-790A46BAAE21} = {9CBC4F52-E035-4264-B15D-6A6C2AEDA448}
	EndGlobalSection
	GlobalSection(ExtensibilityGlobals) = postSolution
		SolutionGuid = {1C714400-148C-44DF-93EE-EC5CBE63A94B}
	EndGlobalSection
EndGlobal
