
Microsoft Visual Studio Solution File, Format Version 12.00
# Visual Studio Version 17
VisualStudioVersion = 17.14.37027.9 d17.14
MinimumVisualStudioVersion = 10.0.40219.1
Project("{FAE04EC0-301F-11D3-BF4B-00C04F79EFBC}") = "TemplateNet8.Api", "TemplateNet8.Api\TemplateNet8.Api.csproj", "{24CE1D91-E6E2-4122-8169-309FECEDC89E}"
EndProject
Project("{FAE04EC0-301F-11D3-BF4B-00C04F79EFBC}") = "TemplateNet8.Domain", "TemplateNet8.Domain\TemplateNet8.Domain.csproj", "{49CD318F-FF9E-431F-B78B-DC6997396F58}"
EndProject
Global
	GlobalSection(SolutionConfigurationPlatforms) = preSolution
		Debug|Any CPU = Debug|Any CPU
		Release|Any CPU = Release|Any CPU
	EndGlobalSection
	GlobalSection(ProjectConfigurationPlatforms) = postSolution
		{24CE1D91-E6E2-4122-8169-309FECEDC89E}.Debug|Any CPU.ActiveCfg = Debug|Any CPU
		{24CE1D91-E6E2-4122-8169-309FECEDC89E}.Debug|Any CPU.Build.0 = Debug|Any CPU
		{24CE1D91-E6E2-4122-8169-309FECEDC89E}.Release|Any CPU.ActiveCfg = Release|Any CPU
		{24CE1D91-E6E2-4122-8169-309FECEDC89E}.Release|Any CPU.Build.0 = Release|Any CPU
		{49CD318F-FF9E-431F-B78B-DC6997396F58}.Debug|Any CPU.ActiveCfg = Debug|Any CPU
		{49CD318F-FF9E-431F-B78B-DC6997396F58}.Debug|Any CPU.Build.0 = Debug|Any CPU
		{49CD318F-FF9E-431F-B78B-DC6997396F58}.Release|Any CPU.ActiveCfg = Release|Any CPU
		{49CD318F-FF9E-431F-B78B-DC6997396F58}.Release|Any CPU.Build.0 = Release|Any CPU
	EndGlobalSection
	GlobalSection(SolutionProperties) = preSolution
		HideSolutionNode = FALSE
	EndGlobalSection
	GlobalSection(ExtensibilityGlobals) = postSolution
		SolutionGuid = {1C714400-148C-44DF-93EE-EC5CBE63A94B}
	EndGlobalSection
EndGlobal
